
Microsoft Visual Studio Solution File, Format Version 12.00
# Visual Studio Version 17
VisualStudioVersion = 17.1.32414.318
MinimumVisualStudioVersion = 10.0.40219.1
Project("{8BC9CEB8-8B4A-11D0-8D11-00A0C91BC942}") = "ConsoleApplication1", "ConsoleApplication1\ConsoleApplication1.vcxproj", "{72A1C8EA-1DA3-4A36-91AC-3CDF228BB051}"
EndProject
Project("{8BC9CEB8-8B4A-11D0-8D11-00A0C91BC942}") = "Project1", "Project1\Project1.vcxproj", "{9215D7E5-3059-4CF3-BB43-E5E97685634C}"
EndProject
Project("{8BC9CEB8-8B4A-11D0-8D11-00A0C91BC942}") = "Project2", "Project2\Project2.vcxproj", "{1988F0A2-4AC1-4E13-B8CF-520A2F0DC63A}"
EndProject
Project("{8BC9CEB8-8B4A-11D0-8D11-00A0C91BC942}") = "ConsoleApplication2_forward", "ConsoleApplication2_forward\ConsoleApplication2_forward.vcxproj", "{E9B08E69-E4CC-4F20-A6B1-31EC0336A94E}"
EndProject
Project("{8BC9CEB8-8B4A-11D0-8D11-00A0C91BC942}") = "ConsoleApplication3_string_convert", "ConsoleApplication3_string_convert\ConsoleApplication3_string_convert.vcxproj", "{5156A265-4BD1-4332-AA47-072C9B8C4847}"
EndProject
Project("{8BC9CEB8-8B4A-11D0-8D11-00A0C91BC942}") = "ConsoleApplication4_string_convert", "ConsoleApplication4_string_convert\ConsoleApplication4_string_convert.vcxproj", "{6FAEB1FF-5D7E-4462-890B-E8DB7019B7B1}"
EndProject
Project("{8BC9CEB8-8B4A-11D0-8D11-00A0C91BC942}") = "ConsoleApplication5_typedef_and_using", "ConsoleApplication5_typedef_and_using\ConsoleApplication5_typedef_and_using.vcxproj", "{37052844-E301-4B43-9D0E-6CD30CD6BF44}"
EndProject
Project("{8BC9CEB8-8B4A-11D0-8D11-00A0C91BC942}") = "ConsoleApplication_6_literal", "ConsoleApplication_6_literal\ConsoleApplication_6_literal.vcxproj", "{8BEF62A2-B329-477F-99B3-521208B621AD}"
EndProject
Project("{8BC9CEB8-8B4A-11D0-8D11-00A0C91BC942}") = "ConsoleApplication7_template", "ConsoleApplication7_template\ConsoleApplication7_template.vcxproj", "{4AE24995-F4F4-4299-B97B-B4F4619F1DD0}"
EndProject
Project("{8BC9CEB8-8B4A-11D0-8D11-00A0C91BC942}") = "ConsoleApplication8_noexcept", "ConsoleApplication8_noexcept\ConsoleApplication8_noexcept.vcxproj", "{7A57ADA7-7239-49A2-B7F9-21A0D337A919}"
EndProject
Project("{8BC9CEB8-8B4A-11D0-8D11-00A0C91BC942}") = "ConsoleApplication9_template", "ConsoleApplication9_template\ConsoleApplication9_template.vcxproj", "{8FAE9DD0-544B-4D2B-89DA-097EF4BB0BD4}"
EndProject
Global
	GlobalSection(SolutionConfigurationPlatforms) = preSolution
		Debug|x64 = Debug|x64
		Debug|x86 = Debug|x86
		Release|x64 = Release|x64
		Release|x86 = Release|x86
	EndGlobalSection
	GlobalSection(ProjectConfigurationPlatforms) = postSolution
		{72A1C8EA-1DA3-4A36-91AC-3CDF228BB051}.Debug|x64.ActiveCfg = Debug|x64
		{72A1C8EA-1DA3-4A36-91AC-3CDF228BB051}.Debug|x64.Build.0 = Debug|x64
		{72A1C8EA-1DA3-4A36-91AC-3CDF228BB051}.Debug|x86.ActiveCfg = Debug|Win32
		{72A1C8EA-1DA3-4A36-91AC-3CDF228BB051}.Debug|x86.Build.0 = Debug|Win32
		{72A1C8EA-1DA3-4A36-91AC-3CDF228BB051}.Release|x64.ActiveCfg = Release|x64
		{72A1C8EA-1DA3-4A36-91AC-3CDF228BB051}.Release|x64.Build.0 = Release|x64
		{72A1C8EA-1DA3-4A36-91AC-3CDF228BB051}.Release|x86.ActiveCfg = Release|Win32
		{72A1C8EA-1DA3-4A36-91AC-3CDF228BB051}.Release|x86.Build.0 = Release|Win32
		{9215D7E5-3059-4CF3-BB43-E5E97685634C}.Debug|x64.ActiveCfg = Debug|x64
		{9215D7E5-3059-4CF3-BB43-E5E97685634C}.Debug|x64.Build.0 = Debug|x64
		{9215D7E5-3059-4CF3-BB43-E5E97685634C}.Debug|x86.ActiveCfg = Debug|Win32
		{9215D7E5-3059-4CF3-BB43-E5E97685634C}.Debug|x86.Build.0 = Debug|Win32
		{9215D7E5-3059-4CF3-BB43-E5E97685634C}.Release|x64.ActiveCfg = Release|x64
		{9215D7E5-3059-4CF3-BB43-E5E97685634C}.Release|x64.Build.0 = Release|x64
		{9215D7E5-3059-4CF3-BB43-E5E97685634C}.Release|x86.ActiveCfg = Release|Win32
		{9215D7E5-3059-4CF3-BB43-E5E97685634C}.Release|x86.Build.0 = Release|Win32
		{1988F0A2-4AC1-4E13-B8CF-520A2F0DC63A}.Debug|x64.ActiveCfg = Debug|x64
		{1988F0A2-4AC1-4E13-B8CF-520A2F0DC63A}.Debug|x64.Build.0 = Debug|x64
		{1988F0A2-4AC1-4E13-B8CF-520A2F0DC63A}.Debug|x86.ActiveCfg = Debug|Win32
		{1988F0A2-4AC1-4E13-B8CF-520A2F0DC63A}.Debug|x86.Build.0 = Debug|Win32
		{1988F0A2-4AC1-4E13-B8CF-520A2F0DC63A}.Release|x64.ActiveCfg = Release|x64
		{1988F0A2-4AC1-4E13-B8CF-520A2F0DC63A}.Release|x64.Build.0 = Release|x64
		{1988F0A2-4AC1-4E13-B8CF-520A2F0DC63A}.Release|x86.ActiveCfg = Release|Win32
		{1988F0A2-4AC1-4E13-B8CF-520A2F0DC63A}.Release|x86.Build.0 = Release|Win32
		{E9B08E69-E4CC-4F20-A6B1-31EC0336A94E}.Debug|x64.ActiveCfg = Debug|x64
		{E9B08E69-E4CC-4F20-A6B1-31EC0336A94E}.Debug|x64.Build.0 = Debug|x64
		{E9B08E69-E4CC-4F20-A6B1-31EC0336A94E}.Debug|x86.ActiveCfg = Debug|Win32
		{E9B08E69-E4CC-4F20-A6B1-31EC0336A94E}.Debug|x86.Build.0 = Debug|Win32
		{E9B08E69-E4CC-4F20-A6B1-31EC0336A94E}.Release|x64.ActiveCfg = Release|x64
		{E9B08E69-E4CC-4F20-A6B1-31EC0336A94E}.Release|x64.Build.0 = Release|x64
		{E9B08E69-E4CC-4F20-A6B1-31EC0336A94E}.Release|x86.ActiveCfg = Release|Win32
		{E9B08E69-E4CC-4F20-A6B1-31EC0336A94E}.Release|x86.Build.0 = Release|Win32
		{5156A265-4BD1-4332-AA47-072C9B8C4847}.Debug|x64.ActiveCfg = Debug|x64
		{5156A265-4BD1-4332-AA47-072C9B8C4847}.Debug|x64.Build.0 = Debug|x64
		{5156A265-4BD1-4332-AA47-072C9B8C4847}.Debug|x86.ActiveCfg = Debug|Win32
		{5156A265-4BD1-4332-AA47-072C9B8C4847}.Debug|x86.Build.0 = Debug|Win32
		{5156A265-4BD1-4332-AA47-072C9B8C4847}.Release|x64.ActiveCfg = Release|x64
		{5156A265-4BD1-4332-AA47-072C9B8C4847}.Release|x64.Build.0 = Release|x64
		{5156A265-4BD1-4332-AA47-072C9B8C4847}.Release|x86.ActiveCfg = Release|Win32
		{5156A265-4BD1-4332-AA47-072C9B8C4847}.Release|x86.Build.0 = Release|Win32
		{6FAEB1FF-5D7E-4462-890B-E8DB7019B7B1}.Debug|x64.ActiveCfg = Debug|x64
		{6FAEB1FF-5D7E-4462-890B-E8DB7019B7B1}.Debug|x64.Build.0 = Debug|x64
		{6FAEB1FF-5D7E-4462-890B-E8DB7019B7B1}.Debug|x86.ActiveCfg = Debug|Win32
		{6FAEB1FF-5D7E-4462-890B-E8DB7019B7B1}.Debug|x86.Build.0 = Debug|Win32
		{6FAEB1FF-5D7E-4462-890B-E8DB7019B7B1}.Release|x64.ActiveCfg = Release|x64
		{6FAEB1FF-5D7E-4462-890B-E8DB7019B7B1}.Release|x64.Build.0 = Release|x64
		{6FAEB1FF-5D7E-4462-890B-E8DB7019B7B1}.Release|x86.ActiveCfg = Release|Win32
		{6FAEB1FF-5D7E-4462-890B-E8DB7019B7B1}.Release|x86.Build.0 = Release|Win32
		{37052844-E301-4B43-9D0E-6CD30CD6BF44}.Debug|x64.ActiveCfg = Debug|x64
		{37052844-E301-4B43-9D0E-6CD30CD6BF44}.Debug|x64.Build.0 = Debug|x64
		{37052844-E301-4B43-9D0E-6CD30CD6BF44}.Debug|x86.ActiveCfg = Debug|Win32
		{37052844-E301-4B43-9D0E-6CD30CD6BF44}.Debug|x86.Build.0 = Debug|Win32
		{37052844-E301-4B43-9D0E-6CD30CD6BF44}.Release|x64.ActiveCfg = Release|x64
		{37052844-E301-4B43-9D0E-6CD30CD6BF44}.Release|x64.Build.0 = Release|x64
		{37052844-E301-4B43-9D0E-6CD30CD6BF44}.Release|x86.ActiveCfg = Release|Win32
		{37052844-E301-4B43-9D0E-6CD30CD6BF44}.Release|x86.Build.0 = Release|Win32
		{8BEF62A2-B329-477F-99B3-521208B621AD}.Debug|x64.ActiveCfg = Debug|x64
		{8BEF62A2-B329-477F-99B3-521208B621AD}.Debug|x64.Build.0 = Debug|x64
		{8BEF62A2-B329-477F-99B3-521208B621AD}.Debug|x86.ActiveCfg = Debug|Win32
		{8BEF62A2-B329-477F-99B3-521208B621AD}.Debug|x86.Build.0 = Debug|Win32
		{8BEF62A2-B329-477F-99B3-521208B621AD}.Release|x64.ActiveCfg = Release|x64
		{8BEF62A2-B329-477F-99B3-521208B621AD}.Release|x64.Build.0 = Release|x64
		{8BEF62A2-B329-477F-99B3-521208B621AD}.Release|x86.ActiveCfg = Release|Win32
		{8BEF62A2-B329-477F-99B3-521208B621AD}.Release|x86.Build.0 = Release|Win32
		{4AE24995-F4F4-4299-B97B-B4F4619F1DD0}.Debug|x64.ActiveCfg = Debug|x64
		{4AE24995-F4F4-4299-B97B-B4F4619F1DD0}.Debug|x64.Build.0 = Debug|x64
		{4AE24995-F4F4-4299-B97B-B4F4619F1DD0}.Debug|x86.ActiveCfg = Debug|Win32
		{4AE24995-F4F4-4299-B97B-B4F4619F1DD0}.Debug|x86.Build.0 = Debug|Win32
		{4AE24995-F4F4-4299-B97B-B4F4619F1DD0}.Release|x64.ActiveCfg = Release|x64
		{4AE24995-F4F4-4299-B97B-B4F4619F1DD0}.Release|x64.Build.0 = Release|x64
		{4AE24995-F4F4-4299-B97B-B4F4619F1DD0}.Release|x86.ActiveCfg = Release|Win32
		{4AE24995-F4F4-4299-B97B-B4F4619F1DD0}.Release|x86.Build.0 = Release|Win32
		{7A57ADA7-7239-49A2-B7F9-21A0D337A919}.Debug|x64.ActiveCfg = Debug|x64
		{7A57ADA7-7239-49A2-B7F9-21A0D337A919}.Debug|x64.Build.0 = Debug|x64
		{7A57ADA7-7239-49A2-B7F9-21A0D337A919}.Debug|x86.ActiveCfg = Debug|Win32
		{7A57ADA7-7239-49A2-B7F9-21A0D337A919}.Debug|x86.Build.0 = Debug|Win32
		{7A57ADA7-7239-49A2-B7F9-21A0D337A919}.Release|x64.ActiveCfg = Release|x64
		{7A57ADA7-7239-49A2-B7F9-21A0D337A919}.Release|x64.Build.0 = Release|x64
		{7A57ADA7-7239-49A2-B7F9-21A0D337A919}.Release|x86.ActiveCfg = Release|Win32
		{7A57ADA7-7239-49A2-B7F9-21A0D337A919}.Release|x86.Build.0 = Release|Win32
		{8FAE9DD0-544B-4D2B-89DA-097EF4BB0BD4}.Debug|x64.ActiveCfg = Debug|x64
		{8FAE9DD0-544B-4D2B-89DA-097EF4BB0BD4}.Debug|x64.Build.0 = Debug|x64
		{8FAE9DD0-544B-4D2B-89DA-097EF4BB0BD4}.Debug|x86.ActiveCfg = Debug|Win32
		{8FAE9DD0-544B-4D2B-89DA-097EF4BB0BD4}.Debug|x86.Build.0 = Debug|Win32
		{8FAE9DD0-544B-4D2B-89DA-097EF4BB0BD4}.Release|x64.ActiveCfg = Release|x64
		{8FAE9DD0-544B-4D2B-89DA-097EF4BB0BD4}.Release|x64.Build.0 = Release|x64
		{8FAE9DD0-544B-4D2B-89DA-097EF4BB0BD4}.Release|x86.ActiveCfg = Release|Win32
		{8FAE9DD0-544B-4D2B-89DA-097EF4BB0BD4}.Release|x86.Build.0 = Release|Win32
	EndGlobalSection
	GlobalSection(SolutionProperties) = preSolution
		HideSolutionNode = FALSE
	EndGlobalSection
	GlobalSection(ExtensibilityGlobals) = postSolution
		SolutionGuid = {13AD2AF6-5D10-4181-A2CC-FA633CD9C5D1}
	EndGlobalSection
EndGlobal
